// !$*UTF8*$!
{
	archiveVersion = 1;
	classes = {
	};
	objectVersion = 50;
	objects = {

/* Begin PBXBuildFile section */
		00000000000000000000000E /* AppDelegate.swift in Sources */ = {isa = PBXBuildFile; fileRef = 000000000000000000000003 /* AppDelegate.swift */; };
		00000000000000000000000F /* ViewController.swift in Sources */ = {isa = PBXBuildFile; fileRef = 000000000000000000000005 /* ViewController.swift */; };
		000000000000000000000011 /* Assets.xcassets in Resources */ = {isa = PBXBuildFile; fileRef = 000000000000000000000008 /* Assets.xcassets */; };
		000000000000000000000012 /* Main.storyboard in Resources */ = {isa = PBXBuildFile; fileRef = 000000000000000000000006 /* Main.storyboard */; };
		000000000000000000000013 /* LaunchScreen.storyboard in Resources */ = {isa = PBXBuildFile; fileRef = 000000000000000000000007 /* LaunchScreen.storyboard */; };
/* End PBXBuildFile section */

/* Begin PBXFileReference section */
		000000000000000000000003 /* AppDelegate.swift */ = {isa = PBXFileReference; lastKnownFileType = sourcecode.swift; path = AppDelegate.swift; sourceTree = "<group>"; };
		000000000000000000000005 /* ViewController.swift */ = {isa = PBXFileReference; lastKnownFileType = sourcecode.swift; path = ViewController.swift; sourceTree = "<group>"; };
		000000000000000000000006 /* Main.storyboard */ = {isa = PBXFileReference; lastKnownFileType = file.storyboard; path = Base.lproj/Main.storyboard; sourceTree = "<group>"; };
		000000000000000000000007 /* LaunchScreen.storyboard */ = {isa = PBXFileReference; lastKnownFileType = file.storyboard; path = Base.lproj/LaunchScreen.storyboard; sourceTree = "<group>"; };
		000000000000000000000008 /* Assets.xcassets */ = {isa = PBXFileReference; lastKnownFileType = folder.assetcatalog; path = Assets.xcassets; sourceTree = "<group>"; };
		000000000000000000000009 /* Info.plist */ = {isa = PBXFileReference; lastKnownFileType = text.plist.xml; path = Info.plist; sourceTree = "<group>"; };
		00000000000000000000000A /* QuePersonajeEres.app */ = {isa = PBXFileReference; explicitFileType = wrapper.application; includeInIndex = 0; path = QuePersonajeEres.app; sourceTree = BUILT_PRODUCTS_DIR; };
/* End PBXFileReference section */

/* Begin PBXFrameworksBuildPhase section */
		00000000000000000000001E /* Frameworks */ = {
			isa = PBXFrameworksBuildPhase;
			buildActionMask = 2147483647;
			files = (
			);
			runOnlyForDeploymentPostprocessing = 0;
		};
/* End PBXFrameworksBuildPhase section */

/* Begin PBXGroup section */
		000000000000000000000017 = {
			isa = PBXGroup;
			children = (
				000000000000000000000018 /* QuePersonajeEres */,
				000000000000000000000019 /* Products */,
			);
			sourceTree = "<group>";
		};
		000000000000000000000018 /* QuePersonajeEres */ = {
			isa = PBXGroup;
			children = (
				000000000000000000000003 /* AppDelegate.swift */,
				000000000000000000000005 /* ViewController.swift */,
				000000000000000000000006 /* Main.storyboard */,
				000000000000000000000007 /* LaunchScreen.storyboard */,
				000000000000000000000008 /* Assets.xcassets */,
				000000000000000000000009 /* Info.plist */,
			);
			path = QuePersonajeEres;
			sourceTree = "<group>";
		};
		000000000000000000000019 /* Products */ = {
			isa = PBXGroup;
			children = (
				00000000000000000000000A /* QuePersonajeEres.app */,
			);
			name = Products;
			sourceTree = "<group>";
		};
/* End PBXGroup section */

/* Begin PBXNativeTarget section */
		00000000000000000000001B /* QuePersonajeEres */ = {
			isa = PBXNativeTarget;
			buildConfigurationList = 000000000000000000000025 /* Build configuration list for PBXNativeTarget "QuePersonajeEres" */;
			buildPhases = (
				00000000000000000000001D /* Sources */,
				00000000000000000000001E /* Frameworks */,
				00000000000000000000001F /* Resources */,
			);
			buildRules = (
			);
			dependencies = (
			);
			name = QuePersonajeEres;
			productName = QuePersonajeEres;
			productReference = 00000000000000000000000A /* QuePersonajeEres.app */;
			productType = "com.apple.product-type.application";
		};
/* End PBXNativeTarget section */

/* Begin PBXProject section */
		00000000000000000000001C /* Project object */ = {
			isa = PBXProject;
			attributes = {
				LastUpgradeCheck = 1420;
				ORGANIZATIONNAME = "UVEG";
				BuildIndependentTargetsInParallel = 1;
				TargetAttributes = {
					00000000000000000000001B = {
						CreatedOnToolsVersion = 14.2;
					};
				};
			};
			buildConfigurationList = 000000000000000000000024 /* Build configuration list for PBXProject "QuePersonajeEres" */;
			compatibilityVersion = "Xcode 13.0";
			developmentRegion = es;
			hasScannedForEncodings = 0;
			knownRegions = (
				es,
				Base,
			);
			mainGroup = 000000000000000000000017;
			productRefGroup = 000000000000000000000019 /* Products */;
			projectDirPath = "";
			projectRoot = "";
			targets = (
				00000000000000000000001B /* QuePersonajeEres */,
			);
		};
/* End PBXProject section */

/* Begin PBXResourcesBuildPhase section */
		00000000000000000000001F /* Resources */ = {
			isa = PBXResourcesBuildPhase;
			buildActionMask = 2147483647;
			files = (
				000000000000000000000011 /* Assets.xcassets in Resources */,
				000000000000000000000012 /* Main.storyboard in Resources */,
				000000000000000000000013 /* LaunchScreen.storyboard in Resources */,
			);
			runOnlyForDeploymentPostprocessing = 0;
		};
/* End PBXResourcesBuildPhase section */

/* Begin PBXSourcesBuildPhase section */
		00000000000000000000001D /* Sources */ = {
			isa = PBXSourcesBuildPhase;
			buildActionMask = 2147483647;
			files = (
				00000000000000000000000E /* AppDelegate.swift in Sources */,
				00000000000000000000000F /* ViewController.swift in Sources */,
			);
			runOnlyForDeploymentPostprocessing = 0;
		};
/* End PBXSourcesBuildPhase section */

/* Begin XCBuildConfiguration section */
		000000000000000000000020 /* Debug */ = {
			isa = XCBuildConfiguration;
			buildSettings = {
				ALWAYS_SEARCH_USER_PATHS = NO;
				CLANG_ANALYZER_NONNULL = YES;
				CLANG_ENABLE_MODULES = YES;
				CLANG_ENABLE_OBJC_ARC = YES;
				CLANG_WARN_DOCUMENTATION_COMMENTS = YES;
				COPY_PHASE_STRIP = NO;
				DEBUG_INFORMATION_FORMAT = dwarf;
				ENABLE_STRICT_OBJC_MSGSEND = YES;
				ENABLE_TESTABILITY = YES;
				GCC_C_LANGUAGE_STANDARD = gnu11;
				GCC_DYNAMIC_NO_PIC = NO;
				GCC_OPTIMIZATION_LEVEL = 0;
				GCC_PREPROCESSOR_DEFINITIONS = (
					"DEBUG=1",
					"$(inherited)",
				);
				IPHONEOS_DEPLOYMENT_TARGET = 15.0;
				MTL_ENABLE_DEBUG_INFO = INCLUDE_SOURCE;
				ONLY_ACTIVE_ARCH = YES;
				SDKROOT = iphoneos;
				SWIFT_ACTIVE_COMPILATION_CONDITIONS = DEBUG;
				SWIFT_OPTIMIZATION_LEVEL = "-Onone";
				SWIFT_VERSION = 5.0;
			};
			name = Debug;
		};
		000000000000000000000021 /* Release */ = {
			isa = XCBuildConfiguration;
			buildSettings = {
				ALWAYS_SEARCH_USER_PATHS = NO;
				CLANG_ANALYZER_NONNULL = YES;
				CLANG_ENABLE_MODULES = YES;
				CLANG_ENABLE_OBJC_ARC = YES;
				CLANG_WARN_DOCUMENTATION_COMMENTS = YES;
				COPY_PHASE_STRIP = NO;
				DEBUG_INFORMATION_FORMAT = "dwarf-with-dsym";
				ENABLE_NS_ASSERTIONS = NO;
				ENABLE_STRICT_OBJC_MSGSEND = YES;
				GCC_C_LANGUAGE_STANDARD = gnu11;
				IPHONEOS_DEPLOYMENT_TARGET = 15.0;
				MTL_ENABLE_DEBUG_INFO = NO;
				SDKROOT = iphoneos;
				SWIFT_COMPILATION_MODE = wholemodule;
				SWIFT_VERSION = 5.0;
				VALIDATE_PRODUCT = YES;
			};
			name = Release;
		};
		000000000000000000000022 /* Debug */ = {
			isa = XCBuildConfiguration;
			buildSettings = {
				ASSETCATALOG_COMPILER_APPICON_NAME = AppIcon;
				CODE_SIGN_STYLE = Automatic;
				INFOPLIST_FILE = QuePersonajeEres/Info.plist;
				IPHONEOS_DEPLOYMENT_TARGET = 15.0;
				LD_RUNPATH_SEARCH_PATHS = (
					"$(inherited)",
					"@executable_path/Frameworks",
				);
				PRODUCT_BUNDLE_IDENTIFIER = "com.uveg.QuePersonajeEres";
				PRODUCT_NAME = "$(TARGET_NAME)";
				SWIFT_VERSION = 5.0;
				TARGETED_DEVICE_FAMILY = "1,2";
			};
			name = Debug;
		};
		000000000000000000000023 /* Release */ = {
			isa = XCBuildConfiguration;
			buildSettings = {
				ASSETCATALOG_COMPILER_APPICON_NAME = AppIcon;
				CODE_SIGN_STYLE = Automatic;
				INFOPLIST_FILE = QuePersonajeEres/Info.plist;
				IPHONEOS_DEPLOYMENT_TARGET = 15.0;
				LD_RUNPATH_SEARCH_PATHS = (
					"$(inherited)",
					"@executable_path/Frameworks",
				);
				PRODUCT_BUNDLE_IDENTIFIER = "com.uveg.QuePersonajeEres";
				PRODUCT_NAME = "$(TARGET_NAME)";
				SWIFT_VERSION = 5.0;
				TARGETED_DEVICE_FAMILY = "1,2";
			};
			name = Release;
		};
/* End XCBuildConfiguration section */

/* Begin XCConfigurationList section */
		000000000000000000000024 /* Build configuration list for PBXProject "QuePersonajeEres" */ = {
			isa = XCConfigurationList;
			buildConfigurations = (
				000000000000000000000020 /* Debug */,
				000000000000000000000021 /* Release */,
			);
			defaultConfigurationIsVisible = 0;
			defaultConfigurationName = Release;
		};
		000000000000000000000025 /* Build configuration list for PBXNativeTarget "QuePersonajeEres" */ = {
			isa = XCConfigurationList;
			buildConfigurations = (
				000000000000000000000022 /* Debug */,
				000000000000000000000023 /* Release */,
			);
			defaultConfigurationIsVisible = 0;
			defaultConfigurationName = Release;
		};
/* End XCConfigurationList section */
	};
	rootObject = 00000000000000000000001C /* Project object */;
}
